<?xml version="1.0" encoding="utf-8"?>
<Project ToolsVersion="4.0" xmlns="http://schemas.microsoft.com/developer/msbuild/2003">
  <ItemGroup>
    <Filter Include="소스 파일">
      <UniqueIdentifier>{4FC737F1-C7A5-4376-A066-2A32D752A2FF}</UniqueIdentifier>
      <Extensions>cpp;c;cc;cxx;c++;cppm;ixx;def;odl;idl;hpj;bat;asm;asmx</Extensions>
    </Filter>
    <Filter Include="헤더 파일">
      <UniqueIdentifier>{93995380-89BD-4b04-88EB-625FBE52EBFB}</UniqueIdentifier>
      <Extensions>h;hh;hpp;hxx;h++;hm;inl;inc;ipp;xsd</Extensions>
    </Filter>
    <Filter Include="리소스 파일">
      <UniqueIdentifier>{67DA6AB6-F800-4c08-8B7A-83BB121AAD01}</UniqueIdentifier>
      <Extensions>rc;ico;cur;bmp;dlg;rc2;rct;bin;rgs;gif;jpg;jpeg;jpe;resx;tiff;tif;png;wav;mfcribbon-ms</Extensions>
    </Filter>
    <Filter Include="Session">
      <UniqueIdentifier>{ae74d6c4-277e-408d-9b32-fa0603814f84}</UniqueIdentifier>
    </Filter>
    <Filter Include="media">
      <UniqueIdentifier>{251ec2d1-9976-4116-9820-409e05af4f30}</UniqueIdentifier>
    </Filter>
    <Filter Include="common">
      <UniqueIdentifier>{84a00209-763d-45d8-ae25-1e5fb285ac87}</UniqueIdentifier>
    </Filter>
  </ItemGroup>
  <ItemGroup>
    <ClInclude Include="VoIPServer.h">
      <Filter>헤더 파일</Filter>
    </ClInclude>
    <ClInclude Include="framework.h">
      <Filter>헤더 파일</Filter>
    </ClInclude>
    <ClInclude Include="targetver.h">
      <Filter>헤더 파일</Filter>
    </ClInclude>
    <ClInclude Include="MainFrm.h">
      <Filter>헤더 파일</Filter>
    </ClInclude>
    <ClInclude Include="VoIPServerDoc.h">
      <Filter>헤더 파일</Filter>
    </ClInclude>
    <ClInclude Include="VoIPServerView.h">
      <Filter>헤더 파일</Filter>
    </ClInclude>
    <ClInclude Include="Resource.h">
      <Filter>헤더 파일</Filter>
    </ClInclude>
    <ClInclude Include="FileView.h">
      <Filter>헤더 파일</Filter>
    </ClInclude>
    <ClInclude Include="ClassView.h">
      <Filter>헤더 파일</Filter>
    </ClInclude>
    <ClInclude Include="ViewTree.h">
      <Filter>헤더 파일</Filter>
    </ClInclude>
    <ClInclude Include="OutputWnd.h">
      <Filter>헤더 파일</Filter>
    </ClInclude>
    <ClInclude Include="PropertiesWnd.h">
      <Filter>헤더 파일</Filter>
    </ClInclude>
    <ClInclude Include="calendarbar.h">
      <Filter>헤더 파일</Filter>
    </ClInclude>
    <ClInclude Include="pch.h">
      <Filter>헤더 파일</Filter>
    </ClInclude>
    <ClInclude Include="session\AccountManager.h">
      <Filter>Session</Filter>
    </ClInclude>
    <ClInclude Include="session\ConferenceDb.h">
      <Filter>Session</Filter>
    </ClInclude>
    <ClInclude Include="session\Connection.h">
      <Filter>Session</Filter>
    </ClInclude>
    <ClInclude Include="session\ContactDb.h">
      <Filter>Session</Filter>
    </ClInclude>
    <ClInclude Include="session\DatabaseManager.h">
      <Filter>Session</Filter>
    </ClInclude>
    <ClInclude Include="session\IAccountManager.h">
      <Filter>Session</Filter>
    </ClInclude>
    <ClInclude Include="session\ITelephonyManager.h">
      <Filter>Session</Filter>
    </ClInclude>
    <ClInclude Include="session\SessionControl.h">
      <Filter>Session</Filter>
    </ClInclude>
    <ClInclude Include="session\SessionManager.h">
      <Filter>Session</Filter>
    </ClInclude>
    <ClInclude Include="session\TelephonyManager.h">
      <Filter>Session</Filter>
    </ClInclude>
    <ClInclude Include="session\ISessionMediaCallback.h">
      <Filter>Session</Filter>
    </ClInclude>
    <ClInclude Include="..\media\AudioMediaPipeline.h">
      <Filter>media</Filter>
    </ClInclude>
    <ClInclude Include="..\media\call_info.h">
      <Filter>media</Filter>
    </ClInclude>
    <ClInclude Include="IServerMediaManager.h">
      <Filter>media</Filter>
    </ClInclude>
    <ClInclude Include="..\common\logger.h">
      <Filter>common</Filter>
    </ClInclude>
    <ClInclude Include="..\media\MediaManager.h">
      <Filter>media</Filter>
    </ClInclude>
    <ClInclude Include="..\media\MediaPipeline.h">
      <Filter>media</Filter>
    </ClInclude>
    <ClInclude Include="ServerMediaManager.h">
      <Filter>media</Filter>
    </ClInclude>
    <ClInclude Include="..\media\VideoMediaPipeline.h">
      <Filter>media</Filter>
    </ClInclude>
    <ClInclude Include="..\media\media_types.h">
      <Filter>media</Filter>
    </ClInclude>
    <ClInclude Include="..\media\audio_buffer.h">
      <Filter>media</Filter>
    </ClInclude>
    <ClInclude Include="session\ISUiController.h">
      <Filter>Session</Filter>
    </ClInclude>
    <ClInclude Include="session\SUiController.h">
      <Filter>Session</Filter>
    </ClInclude>
    <ClInclude Include="..\media\media_config.h">
      <Filter>media</Filter>
    </ClInclude>
  </ItemGroup>
  <ItemGroup>
    <ClCompile Include="VoIPServer.cpp">
      <Filter>소스 파일</Filter>
    </ClCompile>
    <ClCompile Include="MainFrm.cpp">
      <Filter>소스 파일</Filter>
    </ClCompile>
    <ClCompile Include="VoIPServerDoc.cpp">
      <Filter>소스 파일</Filter>
    </ClCompile>
    <ClCompile Include="VoIPServerView.cpp">
      <Filter>소스 파일</Filter>
    </ClCompile>
    <ClCompile Include="FileView.cpp">
      <Filter>소스 파일</Filter>
    </ClCompile>
    <ClCompile Include="ClassView.cpp">
      <Filter>소스 파일</Filter>
    </ClCompile>
    <ClCompile Include="ViewTree.cpp">
      <Filter>소스 파일</Filter>
    </ClCompile>
    <ClCompile Include="OutputWnd.cpp">
      <Filter>소스 파일</Filter>
    </ClCompile>
    <ClCompile Include="PropertiesWnd.cpp">
      <Filter>소스 파일</Filter>
    </ClCompile>
    <ClCompile Include="calendarbar.cpp">
      <Filter>소스 파일</Filter>
    </ClCompile>
    <ClCompile Include="pch.cpp">
      <Filter>소스 파일</Filter>
    </ClCompile>
    <ClCompile Include="session\AccountManager.cpp">
      <Filter>Session</Filter>
    </ClCompile>
    <ClCompile Include="session\ConferenceDb.cpp">
      <Filter>Session</Filter>
    </ClCompile>
    <ClCompile Include="session\Connection.cpp">
      <Filter>Session</Filter>
    </ClCompile>
    <ClCompile Include="session\ContactDb.cpp">
      <Filter>Session</Filter>
    </ClCompile>
    <ClCompile Include="session\DatabaseManager.cpp">
      <Filter>Session</Filter>
    </ClCompile>
    <ClCompile Include="session\SessionManager.cpp">
      <Filter>Session</Filter>
    </ClCompile>
    <ClCompile Include="session\TelephonyManager.cpp">
      <Filter>Session</Filter>
    </ClCompile>
    <ClCompile Include="..\media\AudioMediaPipeline.cpp">
      <Filter>media</Filter>
    </ClCompile>
    <ClCompile Include="..\common\logger.cpp">
      <Filter>common</Filter>
    </ClCompile>
    <ClCompile Include="..\media\MediaManager.cpp">
      <Filter>media</Filter>
    </ClCompile>
    <ClCompile Include="..\media\MediaPipeline.cpp">
      <Filter>media</Filter>
    </ClCompile>
    <ClCompile Include="ServerMediaManager.cpp">
      <Filter>media</Filter>
    </ClCompile>
    <ClCompile Include="..\media\VideoMediaPipeline.cpp">
      <Filter>media</Filter>
    </ClCompile>
    <ClCompile Include="..\media\media_types.cpp">
      <Filter>media</Filter>
    </ClCompile>
    <ClCompile Include="..\media\audio_buffer.cpp">
      <Filter>media</Filter>
    </ClCompile>
    <ClCompile Include="session\SUiController.cpp">
      <Filter>Session</Filter>
    </ClCompile>
    <ClCompile Include="..\media\media_config.cpp">
      <Filter>media</Filter>
    </ClCompile>
  </ItemGroup>
  <ItemGroup>
    <Midl Include="VoIPServer.idl">
      <Filter>소스 파일</Filter>
    </Midl>
  </ItemGroup>
  <ItemGroup>
    <None Include="VoIPServer.reg" />
    <None Include="res\VoIPServer.rc2">
      <Filter>리소스 파일</Filter>
    </None>
  </ItemGroup>
  <ItemGroup>
    <ResourceCompile Include="VoIPServer.rc">
      <Filter>리소스 파일</Filter>
    </ResourceCompile>
  </ItemGroup>
  <ItemGroup>
    <Image Include="res\file_view.ico">
      <Filter>리소스 파일</Filter>
    </Image>
    <Image Include="res\file_view_hc.ico">
      <Filter>리소스 파일</Filter>
    </Image>
    <Image Include="res\class_view.ico">
      <Filter>리소스 파일</Filter>
    </Image>
    <Image Include="res\class_view_hc.ico">
      <Filter>리소스 파일</Filter>
    </Image>
    <Image Include="res\fileview.bmp">
      <Filter>리소스 파일</Filter>
    </Image>
    <Image Include="res\fileview_hc.bmp">
      <Filter>리소스 파일</Filter>
    </Image>
    <Image Include="res\classview.bmp">
      <Filter>리소스 파일</Filter>
    </Image>
    <Image Include="res\classview_hc.bmp">
      <Filter>리소스 파일</Filter>
    </Image>
    <Image Include="res\explorer.bmp">
      <Filter>리소스 파일</Filter>
    </Image>
    <Image Include="res\explorer_hc.bmp">
      <Filter>리소스 파일</Filter>
    </Image>
    <Image Include="res\sort.bmp">
      <Filter>리소스 파일</Filter>
    </Image>
    <Image Include="res\sort_hc.bmp">
      <Filter>리소스 파일</Filter>
    </Image>
    <Image Include="res\menuimages.bmp">
      <Filter>리소스 파일</Filter>
    </Image>
    <Image Include="res\menuimages_hc.bmp">
      <Filter>리소스 파일</Filter>
    </Image>
    <Image Include="res\output_wnd.ico">
      <Filter>리소스 파일</Filter>
    </Image>
    <Image Include="res\output_wnd_hc.ico">
      <Filter>리소스 파일</Filter>
    </Image>
    <Image Include="res\properties_wnd.ico">
      <Filter>리소스 파일</Filter>
    </Image>
    <Image Include="res\properties_wnd_hc.ico">
      <Filter>리소스 파일</Filter>
    </Image>
    <Image Include="res\properties.bmp">
      <Filter>리소스 파일</Filter>
    </Image>
    <Image Include="res\properties_hc.bmp">
      <Filter>리소스 파일</Filter>
    </Image>
    <Image Include="res\nav_large.bmp">
      <Filter>리소스 파일</Filter>
    </Image>
    <Image Include="res\nav_large_hc.bmp">
      <Filter>리소스 파일</Filter>
    </Image>
    <Image Include="res\pages.bmp">
      <Filter>리소스 파일</Filter>
    </Image>
    <Image Include="res\pages_hc.bmp">
      <Filter>리소스 파일</Filter>
    </Image>
    <Image Include="res\pages_small.bmp">
      <Filter>리소스 파일</Filter>
    </Image>
    <Image Include="res\pages_small_hc.bmp">
      <Filter>리소스 파일</Filter>
    </Image>
    <Image Include="res\info.bmp">
      <Filter>리소스 파일</Filter>
    </Image>
    <Image Include="res\userimages.bmp">
      <Filter>리소스 파일</Filter>
    </Image>
    <Image Include="res\VoIPServerDoc.ico">
      <Filter>리소스 파일</Filter>
    </Image>
    <Image Include="res\VoIPServer.ico">
      <Filter>리소스 파일</Filter>
    </Image>
    <Image Include="res\Toolbar.bmp">
      <Filter>리소스 파일</Filter>
    </Image>
    <Image Include="res\Toolbar256.bmp">
      <Filter>리소스 파일</Filter>
    </Image>
    <Image Include="res\icons8-homer-simpson-30.png">
      <Filter>리소스 파일</Filter>
    </Image>
    <Image Include="res\icons8-homer-simpson-60.png">
      <Filter>리소스 파일</Filter>
    </Image>
    <Image Include="res\icons8-homer-simpson-90.png">
      <Filter>리소스 파일</Filter>
    </Image>
    <Image Include="res\icons8-homer-simpson-100.png">
      <Filter>리소스 파일</Filter>
    </Image>
    <Image Include="res\icons8-homer-simpson-120.png">
      <Filter>리소스 파일</Filter>
    </Image>
    <Image Include="res\icons8-homer-simpson-240.png">
      <Filter>리소스 파일</Filter>
    </Image>
    <Image Include="res\icons8-homer-simpson-480.png">
      <Filter>리소스 파일</Filter>
    </Image>
    <Image Include="res\icons8-homer-simpson-32x32.ico">
      <Filter>리소스 파일</Filter>
    </Image>
    <Image Include="res\homer.ico">
      <Filter>리소스 파일</Filter>
    </Image>
  </ItemGroup>
</Project>