<?xml version="1.0" encoding="utf-8"?>
<Project ToolsVersion="4.0" xmlns="http://schemas.microsoft.com/developer/msbuild/2003">
  <ItemGroup>
    <ClCompile Include="AccountLoginDlg.cpp">
      <Filter>소스 파일</Filter>
    </ClCompile>
    <ClCompile Include="calendarbar.cpp">
      <Filter>소스 파일</Filter>
    </ClCompile>
    <ClCompile Include="MainFrm.cpp">
      <Filter>소스 파일</Filter>
    </ClCompile>
    <ClCompile Include="ManageUserAccountDlg.cpp">
      <Filter>소스 파일</Filter>
    </ClCompile>
    <ClCompile Include="OutputWnd.cpp">
      <Filter>소스 파일</Filter>
    </ClCompile>
    <ClCompile Include="pch.cpp">
      <Filter>소스 파일</Filter>
    </ClCompile>
    <ClCompile Include="PropertiesWnd.cpp">
      <Filter>소스 파일</Filter>
    </ClCompile>
    <ClCompile Include="ViewTree.cpp">
      <Filter>소스 파일</Filter>
    </ClCompile>
    <ClCompile Include="VoIPClient.cpp">
      <Filter>소스 파일</Filter>
    </ClCompile>
    <ClCompile Include="VoIPClientDoc.cpp">
      <Filter>소스 파일</Filter>
    </ClCompile>
    <ClCompile Include="VoIPClientView.cpp">
      <Filter>소스 파일</Filter>
    </ClCompile>
    <ClCompile Include="session\AccountManager.cpp">
      <Filter>Session</Filter>
    </ClCompile>
    <ClCompile Include="session\Call.cpp">
      <Filter>Session</Filter>
    </ClCompile>
    <ClCompile Include="session\CallsManager.cpp">
      <Filter>Session</Filter>
    </ClCompile>
    <ClCompile Include="session\SessionManager.cpp">
      <Filter>Session</Filter>
    </ClCompile>
    <ClCompile Include="..\common\logger.cpp">
      <Filter>common</Filter>
    </ClCompile>
    <ClCompile Include="..\common\utility.cpp">
      <Filter>common</Filter>
    </ClCompile>
    <ClCompile Include="..\media\litevad.cpp">
      <Filter>media</Filter>
    </ClCompile>
    <ClCompile Include="..\media\vad_processor.cpp">
      <Filter>media</Filter>
    </ClCompile>
    <ClCompile Include="..\media\audio_buffer.cpp">
      <Filter>media</Filter>
    </ClCompile>
    <ClCompile Include="..\media\MediaManager.cpp">
      <Filter>media</Filter>
    </ClCompile>
    <ClCompile Include="..\media\MediaPipeline.cpp">
      <Filter>media</Filter>
    </ClCompile>
    <ClCompile Include="ServerMediaManager.cpp">
      <Filter>media</Filter>
    </ClCompile>
    <ClCompile Include="ClientMediaManager.cpp">
      <Filter>media</Filter>
    </ClCompile>
    <ClCompile Include="..\media\AudioMediaPipeline.cpp">
      <Filter>media</Filter>
    </ClCompile>
    <ClCompile Include="..\media\VideoMediaPipeline.cpp">
      <Filter>media</Filter>
    </ClCompile>
    <ClCompile Include="CommandLineInterface.cpp">
      <Filter>Session</Filter>
    </ClCompile>
    <ClCompile Include="..\media\media_types.cpp">
      <Filter>media</Filter>
    </ClCompile>
    <ClCompile Include="ContactRegisterDlg.cpp">
      <Filter>소스 파일</Filter>
    </ClCompile>
    <ClCompile Include="ContactView.cpp">
      <Filter>소스 파일</Filter>
    </ClCompile>
    <ClCompile Include="ResetPasswordDlg.cpp">
      <Filter>소스 파일</Filter>
    </ClCompile>
    <ClCompile Include="SessionRegisterDlg.cpp">
      <Filter>소스 파일</Filter>
    </ClCompile>
    <ClCompile Include="session\UiController.cpp">
      <Filter>Session</Filter>
    </ClCompile>
    <ClCompile Include="SessionView.cpp">
      <Filter>소스 파일</Filter>
    </ClCompile>
    <ClCompile Include="StartDlg.cpp">
      <Filter>소스 파일</Filter>
    </ClCompile>
    <ClCompile Include="TestCallDlg.cpp">
      <Filter>소스 파일</Filter>
    </ClCompile>
    <ClCompile Include="UpdateUserAccountDlg.cpp">
      <Filter>소스 파일</Filter>
    </ClCompile>
    <ClCompile Include="MessageBoxDlg.cpp">
      <Filter>소스 파일</Filter>
    </ClCompile>
  </ItemGroup>
  <ItemGroup>
    <ClInclude Include="AccountLoginDlg.h">
      <Filter>헤더 파일</Filter>
    </ClInclude>
    <ClInclude Include="calendarbar.h">
      <Filter>헤더 파일</Filter>
    </ClInclude>
    <ClInclude Include="framework.h">
      <Filter>헤더 파일</Filter>
    </ClInclude>
    <ClInclude Include="MainFrm.h">
      <Filter>헤더 파일</Filter>
    </ClInclude>
    <ClInclude Include="ManageUserAccountDlg.h">
      <Filter>헤더 파일</Filter>
    </ClInclude>
    <ClInclude Include="pch.h">
      <Filter>헤더 파일</Filter>
    </ClInclude>
    <ClInclude Include="PropertiesWnd.h">
      <Filter>헤더 파일</Filter>
    </ClInclude>
    <ClInclude Include="Resource.h">
      <Filter>헤더 파일</Filter>
    </ClInclude>
    <ClInclude Include="targetver.h">
      <Filter>헤더 파일</Filter>
    </ClInclude>
    <ClInclude Include="ViewTree.h">
      <Filter>헤더 파일</Filter>
    </ClInclude>
    <ClInclude Include="VoIPClient.h">
      <Filter>헤더 파일</Filter>
    </ClInclude>
    <ClInclude Include="VoIPClientDoc.h">
      <Filter>헤더 파일</Filter>
    </ClInclude>
    <ClInclude Include="VoIPClientView.h">
      <Filter>헤더 파일</Filter>
    </ClInclude>
    <ClInclude Include="OutputWnd.h">
      <Filter>헤더 파일</Filter>
    </ClInclude>
    <ClInclude Include="session\AccountManager.h">
      <Filter>Session</Filter>
    </ClInclude>
    <ClInclude Include="session\Call.h">
      <Filter>Session</Filter>
    </ClInclude>
    <ClInclude Include="session\CallsManager.h">
      <Filter>Session</Filter>
    </ClInclude>
    <ClInclude Include="session\Constants.h">
      <Filter>Session</Filter>
    </ClInclude>
    <ClInclude Include="session\IAccountManager.h">
      <Filter>Session</Filter>
    </ClInclude>
    <ClInclude Include="session\ICallsManager.h">
      <Filter>Session</Filter>
    </ClInclude>
    <ClInclude Include="session\SessionControl.h">
      <Filter>Session</Filter>
    </ClInclude>
    <ClInclude Include="session\SessionManager.h">
      <Filter>Session</Filter>
    </ClInclude>
    <ClInclude Include="..\common\logger.h">
      <Filter>common</Filter>
    </ClInclude>
    <ClInclude Include="..\common\utility.h">
      <Filter>common</Filter>
    </ClInclude>
    <ClInclude Include="..\media\litevad.h">
      <Filter>media</Filter>
    </ClInclude>
    <ClInclude Include="..\media\vad_processor.h">
      <Filter>media</Filter>
    </ClInclude>
    <ClInclude Include="..\media\audio_buffer.h">
      <Filter>media</Filter>
    </ClInclude>
    <ClInclude Include="session\ISessionMediaCallback.h">
      <Filter>Session</Filter>
    </ClInclude>
    <ClInclude Include="IServerMediaManager.h">
      <Filter>media</Filter>
    </ClInclude>
    <ClInclude Include="ServerMediaManager.h">
      <Filter>media</Filter>
    </ClInclude>
    <ClInclude Include="..\media\AudioMediaPipeline.h">
      <Filter>media</Filter>
    </ClInclude>
    <ClInclude Include="..\media\call_info.h">
      <Filter>media</Filter>
    </ClInclude>
    <ClInclude Include="ClientMediaManager.h">
      <Filter>media</Filter>
    </ClInclude>
    <ClInclude Include="IClientMediaManager.h">
      <Filter>media</Filter>
    </ClInclude>
    <ClInclude Include="..\media\MediaManager.h">
      <Filter>media</Filter>
    </ClInclude>
    <ClInclude Include="..\media\MediaPipeline.h">
      <Filter>media</Filter>
    </ClInclude>
    <ClInclude Include="..\media\VideoMediaPipeline.h">
      <Filter>media</Filter>
    </ClInclude>
    <ClInclude Include="..\media\pipeline_monitorable.h">
      <Filter>media</Filter>
    </ClInclude>
    <ClInclude Include="..\media\media_types.h">
      <Filter>media</Filter>
    </ClInclude>
    <ClInclude Include="session\IUiController.h">
      <Filter>Session</Filter>
    </ClInclude>
    <ClInclude Include="session\Data.h">
      <Filter>Session</Filter>
    </ClInclude>
    <ClInclude Include="ContactRegisterDlg.h">
      <Filter>헤더 파일</Filter>
    </ClInclude>
    <ClInclude Include="ContactView.h">
      <Filter>헤더 파일</Filter>
    </ClInclude>
    <ClInclude Include="ResetPasswordDlg.h">
      <Filter>헤더 파일</Filter>
    </ClInclude>
    <ClInclude Include="SessionRegisterDlg.h">
      <Filter>헤더 파일</Filter>
    </ClInclude>
    <ClInclude Include="SessionView.h">
      <Filter>헤더 파일</Filter>
    </ClInclude>
    <ClInclude Include="StartDlg.h">
      <Filter>헤더 파일</Filter>
    </ClInclude>
    <ClInclude Include="TestCallDlg.h">
      <Filter>헤더 파일</Filter>
    </ClInclude>
    <ClInclude Include="UpdateUserAccountDlg.h">
      <Filter>헤더 파일</Filter>
    </ClInclude>
    <ClInclude Include="session\UiController.h">
      <Filter>Session</Filter>
    </ClInclude>
    <ClInclude Include="MessageBoxDlg.h">
      <Filter>헤더 파일</Filter>
    </ClInclude>
  </ItemGroup>
  <ItemGroup>
    <Image Include="res\class_view.ico">
      <Filter>리소스 파일</Filter>
    </Image>
    <Image Include="res\class_view_hc.ico">
      <Filter>리소스 파일</Filter>
    </Image>
    <Image Include="res\classview.bmp">
      <Filter>리소스 파일</Filter>
    </Image>
    <Image Include="res\classview_hc.bmp">
      <Filter>리소스 파일</Filter>
    </Image>
    <Image Include="res\explorer.bmp">
      <Filter>리소스 파일</Filter>
    </Image>
    <Image Include="res\explorer_hc.bmp">
      <Filter>리소스 파일</Filter>
    </Image>
    <Image Include="res\file_view.ico">
      <Filter>리소스 파일</Filter>
    </Image>
    <Image Include="res\file_view_hc.ico">
      <Filter>리소스 파일</Filter>
    </Image>
    <Image Include="res\fileview.bmp">
      <Filter>리소스 파일</Filter>
    </Image>
    <Image Include="res\fileview_hc.bmp">
      <Filter>리소스 파일</Filter>
    </Image>
    <Image Include="res\icons8-anonymous-mask-30.png">
      <Filter>리소스 파일</Filter>
    </Image>
    <Image Include="res\icons8-anonymous-mask-32x32.ico">
      <Filter>리소스 파일</Filter>
    </Image>
    <Image Include="res\icons8-anonymous-mask-60.png">
      <Filter>리소스 파일</Filter>
    </Image>
    <Image Include="res\icons8-anonymous-mask-90.png">
      <Filter>리소스 파일</Filter>
    </Image>
    <Image Include="res\icons8-anonymous-mask-100.png">
      <Filter>리소스 파일</Filter>
    </Image>
    <Image Include="res\icons8-anonymous-mask-120.png">
      <Filter>리소스 파일</Filter>
    </Image>
    <Image Include="res\icons8-anonymous-mask-240.png">
      <Filter>리소스 파일</Filter>
    </Image>
    <Image Include="res\icons8-anonymous-mask-480.bmp">
      <Filter>리소스 파일</Filter>
    </Image>
    <Image Include="res\icons8-anonymous-mask-480.png">
      <Filter>리소스 파일</Filter>
    </Image>
    <Image Include="..\VoIPServer\res\icons8-homer-simpson-32x32.ico">
      <Filter>리소스 파일</Filter>
    </Image>
    <Image Include="res\icons8-homer-simpson-32x32.ico">
      <Filter>리소스 파일</Filter>
    </Image>
    <Image Include="res\info.bmp">
      <Filter>리소스 파일</Filter>
    </Image>
    <Image Include="res\menuimages.bmp">
      <Filter>리소스 파일</Filter>
    </Image>
    <Image Include="res\menuimages_hc.bmp">
      <Filter>리소스 파일</Filter>
    </Image>
    <Image Include="res\nav_large.bmp">
      <Filter>리소스 파일</Filter>
    </Image>
    <Image Include="res\nav_large_hc.bmp">
      <Filter>리소스 파일</Filter>
    </Image>
    <Image Include="res\output_wnd.ico">
      <Filter>리소스 파일</Filter>
    </Image>
    <Image Include="res\output_wnd_hc.ico">
      <Filter>리소스 파일</Filter>
    </Image>
    <Image Include="res\pages.bmp">
      <Filter>리소스 파일</Filter>
    </Image>
    <Image Include="res\pages_hc.bmp">
      <Filter>리소스 파일</Filter>
    </Image>
    <Image Include="res\pages_small.bmp">
      <Filter>리소스 파일</Filter>
    </Image>
    <Image Include="res\pages_small_hc.bmp">
      <Filter>리소스 파일</Filter>
    </Image>
    <Image Include="res\properties.bmp">
      <Filter>리소스 파일</Filter>
    </Image>
    <Image Include="res\properties_hc.bmp">
      <Filter>리소스 파일</Filter>
    </Image>
    <Image Include="res\properties_wnd.ico">
      <Filter>리소스 파일</Filter>
    </Image>
    <Image Include="res\properties_wnd_hc.ico">
      <Filter>리소스 파일</Filter>
    </Image>
    <Image Include="res\sort.bmp">
      <Filter>리소스 파일</Filter>
    </Image>
    <Image Include="res\sort_hc.bmp">
      <Filter>리소스 파일</Filter>
    </Image>
    <Image Include="res\Toolbar.bmp">
      <Filter>리소스 파일</Filter>
    </Image>
    <Image Include="res\Toolbar256.bmp">
      <Filter>리소스 파일</Filter>
    </Image>
    <Image Include="res\userimages.bmp">
      <Filter>리소스 파일</Filter>
    </Image>
    <Image Include="res\VoIPClient.ico">
      <Filter>리소스 파일</Filter>
    </Image>
    <Image Include="res\VoIPClientDoc.ico">
      <Filter>리소스 파일</Filter>
    </Image>
    <Image Include="res\bitmap2.bmp">
      <Filter>리소스 파일</Filter>
    </Image>
    <Image Include="res\homer.ico">
      <Filter>리소스 파일</Filter>
    </Image>
    <Image Include="res\icon2.ico">
      <Filter>리소스 파일</Filter>
    </Image>
    <Image Include="..\VoIPServer\res\icons8-homer-simpson-480.png">
      <Filter>리소스 파일</Filter>
    </Image>
    <Image Include="res\icons8-homer-simpson-480.png">
      <Filter>리소스 파일</Filter>
    </Image>
    <Image Include="res\log-in.bmp">
      <Filter>리소스 파일</Filter>
    </Image>
    <Image Include="res\login_95461.ico">
      <Filter>리소스 파일</Filter>
    </Image>
    <Image Include="res\login_95461_64x64.ico">
      <Filter>리소스 파일</Filter>
    </Image>
    <Image Include="res\log-in-d.bmp">
      <Filter>리소스 파일</Filter>
    </Image>
    <Image Include="res\log-in-f.bmp">
      <Filter>리소스 파일</Filter>
    </Image>
    <Image Include="res\MOOZ.bmp">
      <Filter>리소스 파일</Filter>
    </Image>
    <Image Include="res\password.bmp">
      <Filter>리소스 파일</Filter>
    </Image>
    <Image Include="res\password-d.bmp">
      <Filter>리소스 파일</Filter>
    </Image>
    <Image Include="res\password-f.bmp">
      <Filter>리소스 파일</Filter>
    </Image>
    <Image Include="res\sign_6358961.ico">
      <Filter>리소스 파일</Filter>
    </Image>
    <Image Include="res\sign_6358961_64x64.ico">
      <Filter>리소스 파일</Filter>
    </Image>
    <Image Include="res\sign-in.bmp">
      <Filter>리소스 파일</Filter>
    </Image>
    <Image Include="res\sign-in-d.bmp">
      <Filter>리소스 파일</Filter>
    </Image>
    <Image Include="res\sign-in-f.bmp">
      <Filter>리소스 파일</Filter>
    </Image>
  </ItemGroup>
  <ItemGroup>
    <None Include="VoIPClient.reg" />
    <None Include="res\VoIPClient.rc2">
      <Filter>리소스 파일</Filter>
    </None>
  </ItemGroup>
  <ItemGroup>
    <Filter Include="Session">
      <UniqueIdentifier>{c6ef20f4-f1f7-4402-bec8-ba51e3baff6d}</UniqueIdentifier>
    </Filter>
    <Filter Include="리소스 파일">
      <UniqueIdentifier>{b05c1bd0-50fa-490a-8b81-1869c4f3e798}</UniqueIdentifier>
    </Filter>
    <Filter Include="소스 파일">
      <UniqueIdentifier>{3f1eae08-aeb0-439e-8d1a-fa725748b2ac}</UniqueIdentifier>
    </Filter>
    <Filter Include="헤더 파일">
      <UniqueIdentifier>{2fd9150a-3c68-4592-b616-c7d766b8a641}</UniqueIdentifier>
    </Filter>
    <Filter Include="common">
      <UniqueIdentifier>{232296c9-a189-403a-aae2-24e2ed9b58cf}</UniqueIdentifier>
    </Filter>
    <Filter Include="media">
      <UniqueIdentifier>{02c0442a-31a0-4b34-b736-3f0e4006bd98}</UniqueIdentifier>
    </Filter>
  </ItemGroup>
  <ItemGroup>
    <Midl Include="VoIPClient.idl">
      <Filter>소스 파일</Filter>
    </Midl>
  </ItemGroup>
  <ItemGroup>
    <ResourceCompile Include="VoIPClient.rc">
      <Filter>리소스 파일</Filter>
    </ResourceCompile>
  </ItemGroup>
</Project>